# This file was autogenerated by Stack.
# You should not edit this file by hand.
# For more information, please see the documentation at:
#   https://docs.haskellstack.org/en/stable/lock_files

packages:
- completed:
    hackage: postgresql-simple-0.6.5@sha256:6154c1aedb60fea3e1d670ba57f9de0a69c736e611c03ac61576f88feb2e807b,5264
    pantry-tree:
      sha256: 50f3f1e62acd133f7c3e0b33c092707177214a7e3dc438be5e4a4f9d034775d4
      size: 4197
  original:
    hackage: postgresql-simple-0.6.5
- completed:
    hackage: mtl-2.2.2@sha256:1050fb71acd9f5d67da7d992583f5bd0eb14407b9dc7acc122af1b738b706ca3,2261
    pantry-tree:
      sha256: b8bdc2259e2f943a7252fb164805666fe108ac959d398e0af27b43ba2ebc241c
      size: 1713
  original:
    hackage: mtl-2.2.2
- completed:
    hackage: haskeline-0.8.2@sha256:3a80aff4c751b475337ace00ac5757c5d47a47de94954fb87cce168a90e19c7a,6005
    pantry-tree:
      sha256: a51f2be1d61d077b8c972d762e9799983f08c95cae5123cf8ade8803e3250579
      size: 2955
  original:
    hackage: haskeline-0.8.2
- completed:
    hackage: process-1.6.16.0@sha256:1b9c267e475d4492b80edc1f58d08c458d4a10d17ea95294356443855b125616,2845
    pantry-tree:
      sha256: dc130ef74f0400c0761f53abdbcf16588b568ccbe6d43a584a43846d6da08012
      size: 1545
  original:
    hackage: process-1.6.16.0
snapshots:
- completed:
    sha256: b73b2b116143aea728c70e65c3239188998bac5bc3be56465813dacd74215dc5
    size: 648424
    url: https://raw.githubusercontent.com/commercialhaskell/stackage-snapshots/master/lts/20/1.yaml
  original:
    url: https://raw.githubusercontent.com/commercialhaskell/stackage-snapshots/master/lts/20/1.yaml
